
Microsoft Visual Studio Solution File, Format Version 12.00
# Visual Studio Version 17
VisualStudioVersion = 17.9.34622.214
MinimumVisualStudioVersion = 10.0.40219.1
Project("{9A19103F-16F7-4668-BE54-9A1E7A4F7556}") = "LeWpf", "LeWpf.csproj", "{C936FD2D-B652-43E9-A6C4-6B4ABB12CB87}"
EndProject
Global
	GlobalSection(SolutionConfigurationPlatforms) = preSolution
		Debug|Any CPU = Debug|Any CPU
		Release|Any CPU = Release|Any CPU
	EndGlobalSection
	GlobalSection(ProjectConfigurationPlatforms) = postSolution
		{C936FD2D-B652-43E9-A6C4-6B4ABB12CB87}.Debug|Any CPU.ActiveCfg = Debug|Any CPU
		{C936FD2D-B652-43E9-A6C4-6B4ABB12CB87}.Debug|Any CPU.Build.0 = Debug|Any CPU
		{C936FD2D-B652-43E9-A6C4-6B4ABB12CB87}.Release|Any CPU.ActiveCfg = Release|Any CPU
		{C936FD2D-B652-43E9-A6C4-6B4ABB12CB87}.Release|Any CPU.Build.0 = Release|Any CPU
	EndGlobalSection
	GlobalSection(SolutionProperties) = preSolution
		HideSolutionNode = FALSE
	EndGlobalSection
	GlobalSection(ExtensibilityGlobals) = postSolution
		SolutionGuid = {0EA32439-D2B1-4BCA-8AE1-8665102601A7}
	EndGlobalSection
EndGlobal
